// !$*UTF8*$!
{
	archiveVersion = 1;
	classes = {
	};
	objectVersion = 46;
	objects = {

/* Begin PBXBuildFile section */
		8CBA68D91C89BBA2008544F3 /* AppDelegate.swift in Sources */ = {isa = PBXBuildFile; fileRef = 8CBA68D81C89BBA2008544F3 /* AppDelegate.swift */; };
		8CBA68DB1C89BBA2008544F3 /* EditorVC.swift in Sources */ = {isa = PBXBuildFile; fileRef = 8CBA68DA1C89BBA2008544F3 /* EditorVC.swift */; };
		8CBA68E31C89BBA2008544F3 /* LaunchScreen.storyboard in Resources */ = {isa = PBXBuildFile; fileRef = 8CBA68E11C89BBA2008544F3 /* LaunchScreen.storyboard */; };
		8CBA68EE1C89BBA2008544F3 /* MemeMeTests.swift in Sources */ = {isa = PBXBuildFile; fileRef = 8CBA68ED1C89BBA2008544F3 /* MemeMeTests.swift */; };
		8CBA68F91C89BBA2008544F3 /* MemeMeUITests.swift in Sources */ = {isa = PBXBuildFile; fileRef = 8CBA68F81C89BBA2008544F3 /* MemeMeUITests.swift */; };
		8CBA69071C89BC08008544F3 /* Main.storyboard in Resources */ = {isa = PBXBuildFile; fileRef = 8CBA69061C89BC08008544F3 /* Main.storyboard */; };
		8CBA69091C89BC6D008544F3 /* Meme.swift in Sources */ = {isa = PBXBuildFile; fileRef = 8CBA69081C89BC6D008544F3 /* Meme.swift */; };
/* End PBXBuildFile section */

/* Begin PBXContainerItemProxy section */
		8CBA68EA1C89BBA2008544F3 /* PBXContainerItemProxy */ = {
			isa = PBXContainerItemProxy;
			containerPortal = 8CBA68CD1C89BBA2008544F3 /* Project object */;
			proxyType = 1;
			remoteGlobalIDString = 8CBA68D41C89BBA2008544F3;
			remoteInfo = MemeMe;
		};
		8CBA68F51C89BBA2008544F3 /* PBXContainerItemProxy */ = {
			isa = PBXContainerItemProxy;
			containerPortal = 8CBA68CD1C89BBA2008544F3 /* Project object */;
			proxyType = 1;
			remoteGlobalIDString = 8CBA68D41C89BBA2008544F3;
			remoteInfo = MemeMe;
		};
/* End PBXContainerItemProxy section */

/* Begin PBXFileReference section */
		8CBA68D51C89BBA2008544F3 /* MemeMe.app */ = {isa = PBXFileReference; explicitFileType = wrapper.application; includeInIndex = 0; path = MemeMe.app; sourceTree = BUILT_PRODUCTS_DIR; };
		8CBA68D81C89BBA2008544F3 /* AppDelegate.swift */ = {isa = PBXFileReference; lastKnownFileType = sourcecode.swift; path = AppDelegate.swift; sourceTree = "<group>"; };
		8CBA68DA1C89BBA2008544F3 /* EditorVC.swift */ = {isa = PBXFileReference; lastKnownFileType = sourcecode.swift; path = EditorVC.swift; sourceTree = "<group>"; };
		8CBA68E21C89BBA2008544F3 /* Base */ = {isa = PBXFileReference; lastKnownFileType = file.storyboard; name = Base; path = Base.lproj/LaunchScreen.storyboard; sourceTree = "<group>"; };
		8CBA68E41C89BBA2008544F3 /* Info.plist */ = {isa = PBXFileReference; lastKnownFileType = text.plist.xml; path = Info.plist; sourceTree = "<group>"; };
		8CBA68E91C89BBA2008544F3 /* MemeMeTests.xctest */ = {isa = PBXFileReference; explicitFileType = wrapper.cfbundle; includeInIndex = 0; path = MemeMeTests.xctest; sourceTree = BUILT_PRODUCTS_DIR; };
		8CBA68ED1C89BBA2008544F3 /* MemeMeTests.swift */ = {isa = PBXFileReference; lastKnownFileType = sourcecode.swift; path = MemeMeTests.swift; sourceTree = "<group>"; };
		8CBA68EF1C89BBA2008544F3 /* Info.plist */ = {isa = PBXFileReference; lastKnownFileType = text.plist.xml; path = Info.plist; sourceTree = "<group>"; };
		8CBA68F41C89BBA2008544F3 /* MemeMeUITests.xctest */ = {isa = PBXFileReference; explicitFileType = wrapper.cfbundle; includeInIndex = 0; path = MemeMeUITests.xctest; sourceTree = BUILT_PRODUCTS_DIR; };
		8CBA68F81C89BBA2008544F3 /* MemeMeUITests.swift */ = {isa = PBXFileReference; lastKnownFileType = sourcecode.swift; path = MemeMeUITests.swift; sourceTree = "<group>"; };
		8CBA68FA1C89BBA2008544F3 /* Info.plist */ = {isa = PBXFileReference; lastKnownFileType = text.plist.xml; path = Info.plist; sourceTree = "<group>"; };
		8CBA69061C89BC08008544F3 /* Main.storyboard */ = {isa = PBXFileReference; fileEncoding = 4; lastKnownFileType = file.storyboard; name = Main.storyboard; path = ../Main.storyboard; sourceTree = "<group>"; };
		8CBA69081C89BC6D008544F3 /* Meme.swift */ = {isa = PBXFileReference; fileEncoding = 4; lastKnownFileType = sourcecode.swift; path = Meme.swift; sourceTree = "<group>"; };
/* End PBXFileReference section */

/* Begin PBXFrameworksBuildPhase section */
		8CBA68D21C89BBA2008544F3 /* Frameworks */ = {
			isa = PBXFrameworksBuildPhase;
			buildActionMask = 2147483647;
			files = (
			);
			runOnlyForDeploymentPostprocessing = 0;
		};
		8CBA68E61C89BBA2008544F3 /* Frameworks */ = {
			isa = PBXFrameworksBuildPhase;
			buildActionMask = 2147483647;
			files = (
			);
			runOnlyForDeploymentPostprocessing = 0;
		};
		8CBA68F11C89BBA2008544F3 /* Frameworks */ = {
			isa = PBXFrameworksBuildPhase;
			buildActionMask = 2147483647;
			files = (
			);
			runOnlyForDeploymentPostprocessing = 0;
		};
/* End PBXFrameworksBuildPhase section */

/* Begin PBXGroup section */
		8CBA68CC1C89BBA2008544F3 = {
			isa = PBXGroup;
			children = (
				8CBA68D71C89BBA2008544F3 /* MemeMe */,
				8CBA68EC1C89BBA2008544F3 /* MemeMeTests */,
				8CBA68F71C89BBA2008544F3 /* MemeMeUITests */,
				8CBA68D61C89BBA2008544F3 /* Products */,
			);
			sourceTree = "<group>";
		};
		8CBA68D61C89BBA2008544F3 /* Products */ = {
			isa = PBXGroup;
			children = (
				8CBA68D51C89BBA2008544F3 /* MemeMe.app */,
				8CBA68E91C89BBA2008544F3 /* MemeMeTests.xctest */,
				8CBA68F41C89BBA2008544F3 /* MemeMeUITests.xctest */,
			);
			name = Products;
			sourceTree = "<group>";
		};
		8CBA68D71C89BBA2008544F3 /* MemeMe */ = {
			isa = PBXGroup;
			children = (
				8CBA68D81C89BBA2008544F3 /* AppDelegate.swift */,
				8CBA68DA1C89BBA2008544F3 /* EditorVC.swift */,
				8CBA69061C89BC08008544F3 /* Main.storyboard */,
				8CBA68E11C89BBA2008544F3 /* LaunchScreen.storyboard */,
				8CBA68E41C89BBA2008544F3 /* Info.plist */,
				8CBA69081C89BC6D008544F3 /* Meme.swift */,
			);
			path = MemeMe;
			sourceTree = "<group>";
		};
		8CBA68EC1C89BBA2008544F3 /* MemeMeTests */ = {
			isa = PBXGroup;
			children = (
				8CBA68ED1C89BBA2008544F3 /* MemeMeTests.swift */,
				8CBA68EF1C89BBA2008544F3 /* Info.plist */,
			);
			path = MemeMeTests;
			sourceTree = "<group>";
		};
		8CBA68F71C89BBA2008544F3 /* MemeMeUITests */ = {
			isa = PBXGroup;
			children = (
				8CBA68F81C89BBA2008544F3 /* MemeMeUITests.swift */,
				8CBA68FA1C89BBA2008544F3 /* Info.plist */,
			);
			path = MemeMeUITests;
			sourceTree = "<group>";
		};
/* End PBXGroup section */

/* Begin PBXNativeTarget section */
		8CBA68D41C89BBA2008544F3 /* MemeMe */ = {
			isa = PBXNativeTarget;
			buildConfigurationList = 8CBA68FD1C89BBA2008544F3 /* Build configuration list for PBXNativeTarget "MemeMe" */;
			buildPhases = (
				8CBA68D11C89BBA2008544F3 /* Sources */,
				8CBA68D21C89BBA2008544F3 /* Frameworks */,
				8CBA68D31C89BBA2008544F3 /* Resources */,
			);
			buildRules = (
			);
			dependencies = (
			);
			name = MemeMe;
			productName = MemeMe;
			productReference = 8CBA68D51C89BBA2008544F3 /* MemeMe.app */;
			productType = "com.apple.product-type.application";
		};
		8CBA68E81C89BBA2008544F3 /* MemeMeTests */ = {
			isa = PBXNativeTarget;
			buildConfigurationList = 8CBA69001C89BBA2008544F3 /* Build configuration list for PBXNativeTarget "MemeMeTests" */;
			buildPhases = (
				8CBA68E51C89BBA2008544F3 /* Sources */,
				8CBA68E61C89BBA2008544F3 /* Frameworks */,
				8CBA68E71C89BBA2008544F3 /* Resources */,
			);
			buildRules = (
			);
			dependencies = (
				8CBA68EB1C89BBA2008544F3 /* PBXTargetDependency */,
			);
			name = MemeMeTests;
			productName = MemeMeTests;
			productReference = 8CBA68E91C89BBA2008544F3 /* MemeMeTests.xctest */;
			productType = "com.apple.product-type.bundle.unit-test";
		};
		8CBA68F31C89BBA2008544F3 /* MemeMeUITests */ = {
			isa = PBXNativeTarget;
			buildConfigurationList = 8CBA69031C89BBA2008544F3 /* Build configuration list for PBXNativeTarget "MemeMeUITests" */;
			buildPhases = (
				8CBA68F01C89BBA2008544F3 /* Sources */,
				8CBA68F11C89BBA2008544F3 /* Frameworks */,
				8CBA68F21C89BBA2008544F3 /* Resources */,
			);
			buildRules = (
			);
			dependencies = (
				8CBA68F61C89BBA2008544F3 /* PBXTargetDependency */,
			);
			name = MemeMeUITests;
			productName = MemeMeUITests;
			productReference = 8CBA68F41C89BBA2008544F3 /* MemeMeUITests.xctest */;
			productType = "com.apple.product-type.bundle.ui-testing";
		};
/* End PBXNativeTarget section */

/* Begin PBXProject section */
		8CBA68CD1C89BBA2008544F3 /* Project object */ = {
			isa = PBXProject;
			attributes = {
				LastSwiftUpdateCheck = 0720;
				LastUpgradeCheck = 0720;
				ORGANIZATIONNAME = me;
				TargetAttributes = {
					8CBA68D41C89BBA2008544F3 = {
						CreatedOnToolsVersion = 7.2.1;
					};
					8CBA68E81C89BBA2008544F3 = {
						CreatedOnToolsVersion = 7.2.1;
						TestTargetID = 8CBA68D41C89BBA2008544F3;
					};
					8CBA68F31C89BBA2008544F3 = {
						CreatedOnToolsVersion = 7.2.1;
						TestTargetID = 8CBA68D41C89BBA2008544F3;
					};
				};
			};
			buildConfigurationList = 8CBA68D01C89BBA2008544F3 /* Build configuration list for PBXProject "MemeMe" */;
			compatibilityVersion = "Xcode 3.2";
			developmentRegion = English;
			hasScannedForEncodings = 0;
			knownRegions = (
				en,
				Base,
			);
			mainGroup = 8CBA68CC1C89BBA2008544F3;
			productRefGroup = 8CBA68D61C89BBA2008544F3 /* Products */;
			projectDirPath = "";
			projectRoot = "";
			targets = (
				8CBA68D41C89BBA2008544F3 /* MemeMe */,
				8CBA68E81C89BBA2008544F3 /* MemeMeTests */,
				8CBA68F31C89BBA2008544F3 /* MemeMeUITests */,
			);
		};
/* End PBXProject section */

/* Begin PBXResourcesBuildPhase section */
		8CBA68D31C89BBA2008544F3 /* Resources */ = {
			isa = PBXResourcesBuildPhase;
			buildActionMask = 2147483647;
			files = (
				8CBA68E31C89BBA2008544F3 /* LaunchScreen.storyboard in Resources */,
				8CBA69071C89BC08008544F3 /* Main.storyboard in Resources */,
			);
			runOnlyForDeploymentPostprocessing = 0;
		};
		8CBA68E71C89BBA2008544F3 /* Resources */ = {
			isa = PBXResourcesBuildPhase;
			buildActionMask = 2147483647;
			files = (
			);
			runOnlyForDeploymentPostprocessing = 0;
		};
		8CBA68F21C89BBA2008544F3 /* Resources */ = {
			isa = PBXResourcesBuildPhase;
			buildActionMask = 2147483647;
			files = (
			);
			runOnlyForDeploymentPostprocessing = 0;
		};
/* End PBXResourcesBuildPhase section */

/* Begin PBXSourcesBuildPhase section */
		8CBA68D11C89BBA2008544F3 /* Sources */ = {
			isa = PBXSourcesBuildPhase;
			buildActionMask = 2147483647;
			files = (
				8CBA69091C89BC6D008544F3 /* Meme.swift in Sources */,
				8CBA68DB1C89BBA2008544F3 /* EditorVC.swift in Sources */,
				8CBA68D91C89BBA2008544F3 /* AppDelegate.swift in Sources */,
			);
			runOnlyForDeploymentPostprocessing = 0;
		};
		8CBA68E51C89BBA2008544F3 /* Sources */ = {
			isa = PBXSourcesBuildPhase;
			buildActionMask = 2147483647;
			files = (
				8CBA68EE1C89BBA2008544F3 /* MemeMeTests.swift in Sources */,
			);
			runOnlyForDeploymentPostprocessing = 0;
		};
		8CBA68F01C89BBA2008544F3 /* Sources */ = {
			isa = PBXSourcesBuildPhase;
			buildActionMask = 2147483647;
			files = (
				8CBA68F91C89BBA2008544F3 /* MemeMeUITests.swift in Sources */,
			);
			runOnlyForDeploymentPostprocessing = 0;
		};
/* End PBXSourcesBuildPhase section */

/* Begin PBXTargetDependency section */
		8CBA68EB1C89BBA2008544F3 /* PBXTargetDependency */ = {
			isa = PBXTargetDependency;
			target = 8CBA68D41C89BBA2008544F3 /* MemeMe */;
			targetProxy = 8CBA68EA1C89BBA2008544F3 /* PBXContainerItemProxy */;
		};
		8CBA68F61C89BBA2008544F3 /* PBXTargetDependency */ = {
			isa = PBXTargetDependency;
			target = 8CBA68D41C89BBA2008544F3 /* MemeMe */;
			targetProxy = 8CBA68F51C89BBA2008544F3 /* PBXContainerItemProxy */;
		};
/* End PBXTargetDependency section */

/* Begin PBXVariantGroup section */
		8CBA68E11C89BBA2008544F3 /* LaunchScreen.storyboard */ = {
			isa = PBXVariantGroup;
			children = (
				8CBA68E21C89BBA2008544F3 /* Base */,
			);
			name = LaunchScreen.storyboard;
			sourceTree = "<group>";
		};
/* End PBXVariantGroup section */

/* Begin XCBuildConfiguration section */
		8CBA68FB1C89BBA2008544F3 /* Debug */ = {
			isa = XCBuildConfiguration;
			buildSettings = {
				ALWAYS_SEARCH_USER_PATHS = NO;
				CLANG_CXX_LANGUAGE_STANDARD = "gnu++0x";
				CLANG_CXX_LIBRARY = "libc++";
				CLANG_ENABLE_MODULES = YES;
				CLANG_ENABLE_OBJC_ARC = YES;
				CLANG_WARN_BOOL_CONVERSION = YES;
				CLANG_WARN_CONSTANT_CONVERSION = YES;
				CLANG_WARN_DIRECT_OBJC_ISA_USAGE = YES_ERROR;
				CLANG_WARN_EMPTY_BODY = YES;
				CLANG_WARN_ENUM_CONVERSION = YES;
				CLANG_WARN_INT_CONVERSION = YES;
				CLANG_WARN_OBJC_ROOT_CLASS = YES_ERROR;
				CLANG_WARN_UNREACHABLE_CODE = YES;
				CLANG_WARN__DUPLICATE_METHOD_MATCH = YES;
				"CODE_SIGN_IDENTITY[sdk=iphoneos*]" = "iPhone Developer";
				COPY_PHASE_STRIP = NO;
				DEBUG_INFORMATION_FORMAT = dwarf;
				ENABLE_STRICT_OBJC_MSGSEND = YES;
				ENABLE_TESTABILITY = YES;
				GCC_C_LANGUAGE_STANDARD = gnu99;
				GCC_DYNAMIC_NO_PIC = NO;
				GCC_NO_COMMON_BLOCKS = YES;
				GCC_OPTIMIZATION_LEVEL = 0;
				GCC_PREPROCESSOR_DEFINITIONS = (
					"DEBUG=1",
					"$(inherited)",
				);
				GCC_WARN_64_TO_32_BIT_CONVERSION = YES;
				GCC_WARN_ABOUT_RETURN_TYPE = YES_ERROR;
				GCC_WARN_UNDECLARED_SELECTOR = YES;
				GCC_WARN_UNINITIALIZED_AUTOS = YES_AGGRESSIVE;
				GCC_WARN_UNUSED_FUNCTION = YES;
				GCC_WARN_UNUSED_VARIABLE = YES;
				IPHONEOS_DEPLOYMENT_TARGET = 9.2;
				MTL_ENABLE_DEBUG_INFO = YES;
				ONLY_ACTIVE_ARCH = YES;
				SDKROOT = iphoneos;
				SWIFT_OPTIMIZATION_LEVEL = "-Onone";
			};
			name = Debug;
		};
		8CBA68FC1C89BBA2008544F3 /* Release */ = {
			isa = XCBuildConfiguration;
			buildSettings = {
				ALWAYS_SEARCH_USER_PATHS = NO;
				CLANG_CXX_LANGUAGE_STANDARD = "gnu++0x";
				CLANG_CXX_LIBRARY = "libc++";
				CLANG_ENABLE_MODULES = YES;
				CLANG_ENABLE_OBJC_ARC = YES;
				CLANG_WARN_BOOL_CONVERSION = YES;
				CLANG_WARN_CONSTANT_CONVERSION = YES;
				CLANG_WARN_DIRECT_OBJC_ISA_USAGE = YES_ERROR;
				CLANG_WARN_EMPTY_BODY = YES;
				CLANG_WARN_ENUM_CONVERSION = YES;
				CLANG_WARN_INT_CONVERSION = YES;
				CLANG_WARN_OBJC_ROOT_CLASS = YES_ERROR;
				CLANG_WARN_UNREACHABLE_CODE = YES;
				CLANG_WARN__DUPLICATE_METHOD_MATCH = YES;
				"CODE_SIGN_IDENTITY[sdk=iphoneos*]" = "iPhone Developer";
				COPY_PHASE_STRIP = NO;
				DEBUG_INFORMATION_FORMAT = "dwarf-with-dsym";
				ENABLE_NS_ASSERTIONS = NO;
				ENABLE_STRICT_OBJC_MSGSEND = YES;
				GCC_C_LANGUAGE_STANDARD = gnu99;
				GCC_NO_COMMON_BLOCKS = YES;
				GCC_WARN_64_TO_32_BIT_CONVERSION = YES;
				GCC_WARN_ABOUT_RETURN_TYPE = YES_ERROR;
				GCC_WARN_UNDECLARED_SELECTOR = YES;
				GCC_WARN_UNINITIALIZED_AUTOS = YES_AGGRESSIVE;
				GCC_WARN_UNUSED_FUNCTION = YES;
				GCC_WARN_UNUSED_VARIABLE = YES;
				IPHONEOS_DEPLOYMENT_TARGET = 9.2;
				MTL_ENABLE_DEBUG_INFO = NO;
				SDKROOT = iphoneos;
				VALIDATE_PRODUCT = YES;
			};
			name = Release;
		};
		8CBA68FE1C89BBA2008544F3 /* Debug */ = {
			isa = XCBuildConfiguration;
			buildSettings = {
				ASSETCATALOG_COMPILER_APPICON_NAME = AppIcon;
				INFOPLIST_FILE = MemeMe/Info.plist;
				LD_RUNPATH_SEARCH_PATHS = "$(inherited) @executable_path/Frameworks";
				PRODUCT_BUNDLE_IDENTIFIER = co.lldc.MemeMe;
				PRODUCT_NAME = "$(TARGET_NAME)";
			};
			name = Debug;
		};
		8CBA68FF1C89BBA2008544F3 /* Release */ = {
			isa = XCBuildConfiguration;
			buildSettings = {
				ASSETCATALOG_COMPILER_APPICON_NAME = AppIcon;
				INFOPLIST_FILE = MemeMe/Info.plist;
				LD_RUNPATH_SEARCH_PATHS = "$(inherited) @executable_path/Frameworks";
				PRODUCT_BUNDLE_IDENTIFIER = co.lldc.MemeMe;
				PRODUCT_NAME = "$(TARGET_NAME)";
			};
			name = Release;
		};
		8CBA69011C89BBA2008544F3 /* Debug */ = {
			isa = XCBuildConfiguration;
			buildSettings = {
				BUNDLE_LOADER = "$(TEST_HOST)";
				INFOPLIST_FILE = MemeMeTests/Info.plist;
				LD_RUNPATH_SEARCH_PATHS = "$(inherited) @executable_path/Frameworks @loader_path/Frameworks";
				PRODUCT_BUNDLE_IDENTIFIER = co.lldc.MemeMeTests;
				PRODUCT_NAME = "$(TARGET_NAME)";
				TEST_HOST = "$(BUILT_PRODUCTS_DIR)/MemeMe.app/MemeMe";
			};
			name = Debug;
		};
		8CBA69021C89BBA2008544F3 /* Release */ = {
			isa = XCBuildConfiguration;
			buildSettings = {
				BUNDLE_LOADER = "$(TEST_HOST)";
				INFOPLIST_FILE = MemeMeTests/Info.plist;
				LD_RUNPATH_SEARCH_PATHS = "$(inherited) @executable_path/Frameworks @loader_path/Frameworks";
				PRODUCT_BUNDLE_IDENTIFIER = co.lldc.MemeMeTests;
				PRODUCT_NAME = "$(TARGET_NAME)";
				TEST_HOST = "$(BUILT_PRODUCTS_DIR)/MemeMe.app/MemeMe";
			};
			name = Release;
		};
		8CBA69041C89BBA2008544F3 /* Debug */ = {
			isa = XCBuildConfiguration;
			buildSettings = {
				INFOPLIST_FILE = MemeMeUITests/Info.plist;
				LD_RUNPATH_SEARCH_PATHS = "$(inherited) @executable_path/Frameworks @loader_path/Frameworks";
				PRODUCT_BUNDLE_IDENTIFIER = co.lldc.MemeMeUITests;
				PRODUCT_NAME = "$(TARGET_NAME)";
				TEST_TARGET_NAME = MemeMe;
				USES_XCTRUNNER = YES;
			};
			name = Debug;
		};
		8CBA69051C89BBA2008544F3 /* Release */ = {
			isa = XCBuildConfiguration;
			buildSettings = {
				INFOPLIST_FILE = MemeMeUITests/Info.plist;
				LD_RUNPATH_SEARCH_PATHS = "$(inherited) @executable_path/Frameworks @loader_path/Frameworks";
				PRODUCT_BUNDLE_IDENTIFIER = co.lldc.MemeMeUITests;
				PRODUCT_NAME = "$(TARGET_NAME)";
				TEST_TARGET_NAME = MemeMe;
				USES_XCTRUNNER = YES;
			};
			name = Release;
		};
/* End XCBuildConfiguration section */

/* Begin XCConfigurationList section */
		8CBA68D01C89BBA2008544F3 /* Build configuration list for PBXProject "MemeMe" */ = {
			isa = XCConfigurationList;
			buildConfigurations = (
				8CBA68FB1C89BBA2008544F3 /* Debug */,
				8CBA68FC1C89BBA2008544F3 /* Release */,
			);
			defaultConfigurationIsVisible = 0;
			defaultConfigurationName = Release;
		};
		8CBA68FD1C89BBA2008544F3 /* Build configuration list for PBXNativeTarget "MemeMe" */ = {
			isa = XCConfigurationList;
			buildConfigurations = (
				8CBA68FE1C89BBA2008544F3 /* Debug */,
				8CBA68FF1C89BBA2008544F3 /* Release */,
			);
			defaultConfigurationIsVisible = 0;
		};
		8CBA69001C89BBA2008544F3 /* Build configuration list for PBXNativeTarget "MemeMeTests" */ = {
			isa = XCConfigurationList;
			buildConfigurations = (
				8CBA69011C89BBA2008544F3 /* Debug */,
				8CBA69021C89BBA2008544F3 /* Release */,
			);
			defaultConfigurationIsVisible = 0;
		};
		8CBA69031C89BBA2008544F3 /* Build configuration list for PBXNativeTarget "MemeMeUITests" */ = {
			isa = XCConfigurationList;
			buildConfigurations = (
				8CBA69041C89BBA2008544F3 /* Debug */,
				8CBA69051C89BBA2008544F3 /* Release */,
			);
			defaultConfigurationIsVisible = 0;
		};
/* End XCConfigurationList section */
	};
	rootObject = 8CBA68CD1C89BBA2008544F3 /* Project object */;
}
